
Microsoft Visual Studio Solution File, Format Version 12.00
# Visual Studio Version 17
VisualStudioVersion = 17.4.33122.133
MinimumVisualStudioVersion = 10.0.40219.1
Project("{2150E333-8FDC-42A3-9474-1A3956D46DE8}") = "SpecFlowCalculator", "SpecFlowCalculator", "{0A5F542D-2D4C-4478-A7DD-7ABA0A073E01}"
EndProject
Project("{9A19103F-16F7-4668-BE54-9A1E7A4F7556}") = "SpecFlowCalculator", "SpecFlowCalculator\SpecFlowCalculator\SpecFlowCalculator.csproj", "{CA04DA34-3C8D-4919-B516-6959EC27F916}"
EndProject
Project("{9A19103F-16F7-4668-BE54-9A1E7A4F7556}") = "SpecFlowCalculator.Specs", "SpecFlowCalculator\SpecFlowCalculator.Specs\SpecFlowCalculator.Specs.csproj", "{78EF8218-35E4-4706-B0B6-632703FB40F4}"
EndProject
Project("{2150E333-8FDC-42A3-9474-1A3956D46DE8}") = "BaiduSample", "BaiduSample", "{4C63AC9E-272C-4FC4-9819-DFBD79BBC7C6}"
EndProject
Project("{9A19103F-16F7-4668-BE54-9A1E7A4F7556}") = "BaiduAdvancedSearch", "BaiduAdvancedSearch\BaiduAdvancedSearch\BaiduAdvancedSearch.csproj", "{B494697E-70EE-458E-A92C-9EBB0CB00C8D}"
EndProject
Global
	GlobalSection(SolutionConfigurationPlatforms) = preSolution
		Debug|Any CPU = Debug|Any CPU
		Release|Any CPU = Release|Any CPU
	EndGlobalSection
	GlobalSection(ProjectConfigurationPlatforms) = postSolution
		{CA04DA34-3C8D-4919-B516-6959EC27F916}.Debug|Any CPU.ActiveCfg = Debug|Any CPU
		{CA04DA34-3C8D-4919-B516-6959EC27F916}.Debug|Any CPU.Build.0 = Debug|Any CPU
		{CA04DA34-3C8D-4919-B516-6959EC27F916}.Release|Any CPU.ActiveCfg = Release|Any CPU
		{CA04DA34-3C8D-4919-B516-6959EC27F916}.Release|Any CPU.Build.0 = Release|Any CPU
		{78EF8218-35E4-4706-B0B6-632703FB40F4}.Debug|Any CPU.ActiveCfg = Debug|Any CPU
		{78EF8218-35E4-4706-B0B6-632703FB40F4}.Debug|Any CPU.Build.0 = Debug|Any CPU
		{78EF8218-35E4-4706-B0B6-632703FB40F4}.Release|Any CPU.ActiveCfg = Release|Any CPU
		{78EF8218-35E4-4706-B0B6-632703FB40F4}.Release|Any CPU.Build.0 = Release|Any CPU
		{B494697E-70EE-458E-A92C-9EBB0CB00C8D}.Debug|Any CPU.ActiveCfg = Debug|Any CPU
		{B494697E-70EE-458E-A92C-9EBB0CB00C8D}.Debug|Any CPU.Build.0 = Debug|Any CPU
		{B494697E-70EE-458E-A92C-9EBB0CB00C8D}.Release|Any CPU.ActiveCfg = Release|Any CPU
		{B494697E-70EE-458E-A92C-9EBB0CB00C8D}.Release|Any CPU.Build.0 = Release|Any CPU
	EndGlobalSection
	GlobalSection(SolutionProperties) = preSolution
		HideSolutionNode = FALSE
	EndGlobalSection
	GlobalSection(NestedProjects) = preSolution
		{CA04DA34-3C8D-4919-B516-6959EC27F916} = {0A5F542D-2D4C-4478-A7DD-7ABA0A073E01}
		{78EF8218-35E4-4706-B0B6-632703FB40F4} = {0A5F542D-2D4C-4478-A7DD-7ABA0A073E01}
		{B494697E-70EE-458E-A92C-9EBB0CB00C8D} = {4C63AC9E-272C-4FC4-9819-DFBD79BBC7C6}
	EndGlobalSection
	GlobalSection(ExtensibilityGlobals) = postSolution
		SolutionGuid = {A416110A-B98E-4EAA-AFFF-8D65D418B60C}
	EndGlobalSection
EndGlobal
